
Microsoft Visual Studio Solution File, Format Version 12.00
# Visual Studio Version 17
VisualStudioVersion = 17.12.35527.113 d17.12
MinimumVisualStudioVersion = 10.0.40219.1
Project("{FAE04EC0-301F-11D3-BF4B-00C04F79EFBC}") = "Mixvault_API", "Mixvault_API\Mixvault_API.csproj", "{CBEC6ED3-1515-487F-A00C-0179C05814DE}"
EndProject
Project("{FAE04EC0-301F-11D3-BF4B-00C04F79EFBC}") = "MixVault_FrontEnd", "MixVault_FrontEnd\MixVault_FrontEnd.csproj", "{C18596AF-3573-4B4A-A807-1BA152DC8B78}"
EndProject
Global
	GlobalSection(SolutionConfigurationPlatforms) = preSolution
		Debug|Any CPU = Debug|Any CPU
		Release|Any CPU = Release|Any CPU
	EndGlobalSection
	GlobalSection(ProjectConfigurationPlatforms) = postSolution
		{CBEC6ED3-1515-487F-A00C-0179C05814DE}.Debug|Any CPU.ActiveCfg = Debug|Any CPU
		{CBEC6ED3-1515-487F-A00C-0179C05814DE}.Debug|Any CPU.Build.0 = Debug|Any CPU
		{CBEC6ED3-1515-487F-A00C-0179C05814DE}.Release|Any CPU.ActiveCfg = Release|Any CPU
		{CBEC6ED3-1515-487F-A00C-0179C05814DE}.Release|Any CPU.Build.0 = Release|Any CPU
		{C18596AF-3573-4B4A-A807-1BA152DC8B78}.Debug|Any CPU.ActiveCfg = Debug|Any CPU
		{C18596AF-3573-4B4A-A807-1BA152DC8B78}.Debug|Any CPU.Build.0 = Debug|Any CPU
		{C18596AF-3573-4B4A-A807-1BA152DC8B78}.Release|Any CPU.ActiveCfg = Release|Any CPU
		{C18596AF-3573-4B4A-A807-1BA152DC8B78}.Release|Any CPU.Build.0 = Release|Any CPU
	EndGlobalSection
	GlobalSection(SolutionProperties) = preSolution
		HideSolutionNode = FALSE
	EndGlobalSection
EndGlobal
